
Microsoft Visual Studio Solution File, Format Version 12.00
Project("{FAE04EC0-301F-11D3-BF4B-00C04F79EFBC}") = "ProyectoRestaurante.DB", "ProyectoRestaurante.DB\ProyectoRestaurante.DB.csproj", "{0BF5ECB7-2F98-4BA7-86A7-E7DCA931A019}"
EndProject
Project("{FAE04EC0-301F-11D3-BF4B-00C04F79EFBC}") = "ProyectoRestaurante.API", "ProyectoRestaurante.API\ProyectoRestaurante.API.csproj", "{98BDB9E0-177C-4E7F-9D9B-74B3980A4116}"
EndProject
Project("{FAE04EC0-301F-11D3-BF4B-00C04F79EFBC}") = "ProyectoRestaurante.Client.MVC", "ProyectoRestaurante.Client.MVC\ProyectoRestaurante.Client.MVC.csproj", "{017EAEFF-EED3-4C2B-80EC-0805C5B55F2F}"
EndProject
Global
	GlobalSection(SolutionConfigurationPlatforms) = preSolution
		Debug|Any CPU = Debug|Any CPU
		Release|Any CPU = Release|Any CPU
	EndGlobalSection
	GlobalSection(ProjectConfigurationPlatforms) = postSolution
		{0BF5ECB7-2F98-4BA7-86A7-E7DCA931A019}.Debug|Any CPU.ActiveCfg = Debug|Any CPU
		{0BF5ECB7-2F98-4BA7-86A7-E7DCA931A019}.Debug|Any CPU.Build.0 = Debug|Any CPU
		{0BF5ECB7-2F98-4BA7-86A7-E7DCA931A019}.Release|Any CPU.ActiveCfg = Release|Any CPU
		{0BF5ECB7-2F98-4BA7-86A7-E7DCA931A019}.Release|Any CPU.Build.0 = Release|Any CPU
		{98BDB9E0-177C-4E7F-9D9B-74B3980A4116}.Debug|Any CPU.ActiveCfg = Debug|Any CPU
		{98BDB9E0-177C-4E7F-9D9B-74B3980A4116}.Debug|Any CPU.Build.0 = Debug|Any CPU
		{98BDB9E0-177C-4E7F-9D9B-74B3980A4116}.Release|Any CPU.ActiveCfg = Release|Any CPU
		{98BDB9E0-177C-4E7F-9D9B-74B3980A4116}.Release|Any CPU.Build.0 = Release|Any CPU
		{017EAEFF-EED3-4C2B-80EC-0805C5B55F2F}.Debug|Any CPU.ActiveCfg = Debug|Any CPU
		{017EAEFF-EED3-4C2B-80EC-0805C5B55F2F}.Debug|Any CPU.Build.0 = Debug|Any CPU
		{017EAEFF-EED3-4C2B-80EC-0805C5B55F2F}.Release|Any CPU.ActiveCfg = Release|Any CPU
		{017EAEFF-EED3-4C2B-80EC-0805C5B55F2F}.Release|Any CPU.Build.0 = Release|Any CPU
	EndGlobalSection
EndGlobal
